// !$*UTF8*$!
{
	archiveVersion = 1;
	classes = {
	};
	objectVersion = 77;
	objects = {

/* Begin PBXBuildFile section */
		686389BE2FAEA61B0042E250 /* GoogleMobileAds in Frameworks */ = {isa = PBXBuildFile; productRef = 686389BD2FAEA61B0042E250 /* GoogleMobileAds */; };
/* End PBXBuildFile section */

/* Begin PBXContainerItemProxy section */
		68C194322F92856E00E395C0 /* PBXContainerItemProxy */ = {
			isa = PBXContainerItemProxy;
			containerPortal = 68C194182F92856D00E395C0 /* Project object */;
			proxyType = 1;
			remoteGlobalIDString = 68C1941F2F92856D00E395C0;
			remoteInfo = CalorieCalc;
		};
		68C1943C2F92856E00E395C0 /* PBXContainerItemProxy */ = {
			isa = PBXContainerItemProxy;
			containerPortal = 68C194182F92856D00E395C0 /* Project object */;
			proxyType = 1;
			remoteGlobalIDString = 68C1941F2F92856D00E395C0;
			remoteInfo = CalorieCalc;
		};
/* End PBXContainerItemProxy section */

/* Begin PBXFileReference section */
		68C194202F92856D00E395C0 /* CalorieCalc.app */ = {isa = PBXFileReference; explicitFileType = wrapper.application; includeInIndex = 0; path = CalorieCalc.app; sourceTree = BUILT_PRODUCTS_DIR; };
		68C194312F92856E00E395C0 /* CalorieCalcTests.xctest */ = {isa = PBXFileReference; explicitFileType = wrapper.cfbundle; includeInIndex = 0; path = CalorieCalcTests.xctest; sourceTree = BUILT_PRODUCTS_DIR; };
		68C1943B2F92856E00E395C0 /* CalorieCalcUITests.xctest */ = {isa = PBXFileReference; explicitFileType = wrapper.cfbundle; includeInIndex = 0; path = CalorieCalcUITests.xctest; sourceTree = BUILT_PRODUCTS_DIR; };
		AA11223344556677889900AA /* Secrets.xcconfig */ = {isa = PBXFileReference; lastKnownFileType = text.xcconfig; path = Secrets.xcconfig; sourceTree = "<group>"; };
/* End PBXFileReference section */

/* Begin PBXFileSystemSynchronizedBuildFileExceptionSet section */
		68C194432F92856E00E395C0 /* Exceptions for "CalorieCalc" folder in "CalorieCalc" target */ = {
			isa = PBXFileSystemSynchronizedBuildFileExceptionSet;
			membershipExceptions = (
				Info.plist,
			);
			target = 68C1941F2F92856D00E395C0 /* CalorieCalc */;
		};
		68E837242F9D6742008FC02B /* Exceptions for "CalorieCalc" folder in "CalorieCalcTests" target */ = {
			isa = PBXFileSystemSynchronizedBuildFileExceptionSet;
			membershipExceptions = (
				docs/MY_LEARNING_DESIGN.md,
				docs/PlanProgressCards_Prompt.md,
				docs/two_cards.png,
			);
			target = 68C194302F92856E00E395C0 /* CalorieCalcTests */;
		};
/* End PBXFileSystemSynchronizedBuildFileExceptionSet section */

/* Begin PBXFileSystemSynchronizedRootGroup section */
		68C194222F92856D00E395C0 /* CalorieCalc */ = {
			isa = PBXFileSystemSynchronizedRootGroup;
			exceptions = (
				68C194432F92856E00E395C0 /* Exceptions for "CalorieCalc" folder in "CalorieCalc" target */,
				68E837242F9D6742008FC02B /* Exceptions for "CalorieCalc" folder in "CalorieCalcTests" target */,
			);
			path = CalorieCalc;
			sourceTree = "<group>";
		};
		68C194342F92856E00E395C0 /* CalorieCalcTests */ = {
			isa = PBXFileSystemSynchronizedRootGroup;
			path = CalorieCalcTests;
			sourceTree = "<group>";
		};
		68C1943E2F92856E00E395C0 /* CalorieCalcUITests */ = {
			isa = PBXFileSystemSynchronizedRootGroup;
			path = CalorieCalcUITests;
			sourceTree = "<group>";
		};
/* End PBXFileSystemSynchronizedRootGroup section */

/* Begin PBXFrameworksBuildPhase section */
		68C1941D2F92856D00E395C0 /* Frameworks */ = {
			isa = PBXFrameworksBuildPhase;
			buildActionMask = 2147483647;
			files = (
				686389BE2FAEA61B0042E250 /* GoogleMobileAds in Frameworks */,
			);
			runOnlyForDeploymentPostprocessing = 0;
		};
		68C1942E2F92856E00E395C0 /* Frameworks */ = {
			isa = PBXFrameworksBuildPhase;
			buildActionMask = 2147483647;
			files = (
			);
			runOnlyForDeploymentPostprocessing = 0;
		};
		68C194382F92856E00E395C0 /* Frameworks */ = {
			isa = PBXFrameworksBuildPhase;
			buildActionMask = 2147483647;
			files = (
			);
			runOnlyForDeploymentPostprocessing = 0;
		};
/* End PBXFrameworksBuildPhase section */

/* Begin PBXGroup section */
		686389BC2FAEA61B0042E250 /* Frameworks */ = {
			isa = PBXGroup;
			children = (
			);
			name = Frameworks;
			sourceTree = "<group>";
		};
		68C194172F92856D00E395C0 = {
			isa = PBXGroup;
			children = (
				AA11223344556677889900AA /* Secrets.xcconfig */,
				68C194222F92856D00E395C0 /* CalorieCalc */,
				68C194342F92856E00E395C0 /* CalorieCalcTests */,
				68C1943E2F92856E00E395C0 /* CalorieCalcUITests */,
				686389BC2FAEA61B0042E250 /* Frameworks */,
				68C194212F92856D00E395C0 /* Products */,
			);
			sourceTree = "<group>";
		};
		68C194212F92856D00E395C0 /* Products */ = {
			isa = PBXGroup;
			children = (
				68C194202F92856D00E395C0 /* CalorieCalc.app */,
				68C194312F92856E00E395C0 /* CalorieCalcTests.xctest */,
				68C1943B2F92856E00E395C0 /* CalorieCalcUITests.xctest */,
			);
			name = Products;
			sourceTree = "<group>";
		};
/* End PBXGroup section */

/* Begin PBXNativeTarget section */
		68C1941F2F92856D00E395C0 /* CalorieCalc */ = {
			isa = PBXNativeTarget;
			buildConfigurationList = 68C194442F92856E00E395C0 /* Build configuration list for PBXNativeTarget "CalorieCalc" */;
			buildPhases = (
				68C1941C2F92856D00E395C0 /* Sources */,
				68C1941D2F92856D00E395C0 /* Frameworks */,
				68C1941E2F92856D00E395C0 /* Resources */,
			);
			buildRules = (
			);
			dependencies = (
			);
			fileSystemSynchronizedGroups = (
				68C194222F92856D00E395C0 /* CalorieCalc */,
			);
			name = CalorieCalc;
			packageProductDependencies = (
				686389BD2FAEA61B0042E250 /* GoogleMobileAds */,
			);
			productName = CalorieCalc;
			productReference = 68C194202F92856D00E395C0 /* CalorieCalc.app */;
			productType = "com.apple.product-type.application";
		};
		68C194302F92856E00E395C0 /* CalorieCalcTests */ = {
			isa = PBXNativeTarget;
			buildConfigurationList = 68C194492F92856E00E395C0 /* Build configuration list for PBXNativeTarget "CalorieCalcTests" */;
			buildPhases = (
				68C1942D2F92856E00E395C0 /* Sources */,
				68C1942E2F92856E00E395C0 /* Frameworks */,
				68C1942F2F92856E00E395C0 /* Resources */,
			);
			buildRules = (
			);
			dependencies = (
				68C194332F92856E00E395C0 /* PBXTargetDependency */,
			);
			fileSystemSynchronizedGroups = (
				68C194342F92856E00E395C0 /* CalorieCalcTests */,
			);
			name = CalorieCalcTests;
			packageProductDependencies = (
			);
			productName = CalorieCalcTests;
			productReference = 68C194312F92856E00E395C0 /* CalorieCalcTests.xctest */;
			productType = "com.apple.product-type.bundle.unit-test";
		};
		68C1943A2F92856E00E395C0 /* CalorieCalcUITests */ = {
			isa = PBXNativeTarget;
			buildConfigurationList = 68C1944C2F92856E00E395C0 /* Build configuration list for PBXNativeTarget "CalorieCalcUITests" */;
			buildPhases = (
				68C194372F92856E00E395C0 /* Sources */,
				68C194382F92856E00E395C0 /* Frameworks */,
				68C194392F92856E00E395C0 /* Resources */,
			);
			buildRules = (
			);
			dependencies = (
				68C1943D2F92856E00E395C0 /* PBXTargetDependency */,
			);
			fileSystemSynchronizedGroups = (
				68C1943E2F92856E00E395C0 /* CalorieCalcUITests */,
			);
			name = CalorieCalcUITests;
			packageProductDependencies = (
			);
			productName = CalorieCalcUITests;
			productReference = 68C1943B2F92856E00E395C0 /* CalorieCalcUITests.xctest */;
			productType = "com.apple.product-type.bundle.ui-testing";
		};
/* End PBXNativeTarget section */

/* Begin PBXProject section */
		68C194182F92856D00E395C0 /* Project object */ = {
			isa = PBXProject;
			attributes = {
				BuildIndependentTargetsInParallel = 1;
				LastSwiftUpdateCheck = 2640;
				LastUpgradeCheck = 2640;
				TargetAttributes = {
					68C1941F2F92856D00E395C0 = {
						CreatedOnToolsVersion = 26.4;
					};
					68C194302F92856E00E395C0 = {
						CreatedOnToolsVersion = 26.4;
						TestTargetID = 68C1941F2F92856D00E395C0;
					};
					68C1943A2F92856E00E395C0 = {
						CreatedOnToolsVersion = 26.4;
						TestTargetID = 68C1941F2F92856D00E395C0;
					};
				};
			};
			buildConfigurationList = 68C1941B2F92856D00E395C0 /* Build configuration list for PBXProject "CalorieCalc" */;
			developmentRegion = en;
			hasScannedForEncodings = 0;
			knownRegions = (
				en,
				Base,
			);
			mainGroup = 68C194172F92856D00E395C0;
			minimizedProjectReferenceProxies = 1;
			packageReferences = (
				686389BB2FAEA0D90042E250 /* XCRemoteSwiftPackageReference "swift-package-manager-google-mobile-ads" */,
			);
			preferredProjectObjectVersion = 77;
			productRefGroup = 68C194212F92856D00E395C0 /* Products */;
			projectDirPath = "";
			projectRoot = "";
			targets = (
				68C1941F2F92856D00E395C0 /* CalorieCalc */,
				68C194302F92856E00E395C0 /* CalorieCalcTests */,
				68C1943A2F92856E00E395C0 /* CalorieCalcUITests */,
			);
		};
/* End PBXProject section */

/* Begin PBXResourcesBuildPhase section */
		68C1941E2F92856D00E395C0 /* Resources */ = {
			isa = PBXResourcesBuildPhase;
			buildActionMask = 2147483647;
			files = (
			);
			runOnlyForDeploymentPostprocessing = 0;
		};
		68C1942F2F92856E00E395C0 /* Resources */ = {
			isa = PBXResourcesBuildPhase;
			buildActionMask = 2147483647;
			files = (
			);
			runOnlyForDeploymentPostprocessing = 0;
		};
		68C194392F92856E00E395C0 /* Resources */ = {
			isa = PBXResourcesBuildPhase;
			buildActionMask = 2147483647;
			files = (
			);
			runOnlyForDeploymentPostprocessing = 0;
		};
/* End PBXResourcesBuildPhase section */

/* Begin PBXSourcesBuildPhase section */
		68C1941C2F92856D00E395C0 /* Sources */ = {
			isa = PBXSourcesBuildPhase;
			buildActionMask = 2147483647;
			files = (
			);
			runOnlyForDeploymentPostprocessing = 0;
		};
		68C1942D2F92856E00E395C0 /* Sources */ = {
			isa = PBXSourcesBuildPhase;
			buildActionMask = 2147483647;
			files = (
			);
			runOnlyForDeploymentPostprocessing = 0;
		};
		68C194372F92856E00E395C0 /* Sources */ = {
			isa = PBXSourcesBuildPhase;
			buildActionMask = 2147483647;
			files = (
			);
			runOnlyForDeploymentPostprocessing = 0;
		};
/* End PBXSourcesBuildPhase section */

/* Begin PBXTargetDependency section */
		68C194332F92856E00E395C0 /* PBXTargetDependency */ = {
			isa = PBXTargetDependency;
			target = 68C1941F2F92856D00E395C0 /* CalorieCalc */;
			targetProxy = 68C194322F92856E00E395C0 /* PBXContainerItemProxy */;
		};
		68C1943D2F92856E00E395C0 /* PBXTargetDependency */ = {
			isa = PBXTargetDependency;
			target = 68C1941F2F92856D00E395C0 /* CalorieCalc */;
			targetProxy = 68C1943C2F92856E00E395C0 /* PBXContainerItemProxy */;
		};
/* End PBXTargetDependency section */

/* Begin XCBuildConfiguration section */
		68C194452F92856E00E395C0 /* Debug */ = {
			isa = XCBuildConfiguration;
			baseConfigurationReference = AA11223344556677889900AA /* Secrets.xcconfig */;
			buildSettings = {
				ASSETCATALOG_COMPILER_APPICON_NAME = AppIcon;
				ASSETCATALOG_COMPILER_GLOBAL_ACCENT_COLOR_NAME = AccentColor;
				ASSETCATALOG_COMPILER_INCLUDE_ALL_APPICON_ASSETS = YES;
				CODE_SIGN_ENTITLEMENTS = CalorieCalc/CalorieCalc.entitlements;
				CODE_SIGN_STYLE = Automatic;
				CURRENT_PROJECT_VERSION = 33;
				DEVELOPMENT_TEAM = X8629DMYVG;
				ENABLE_APP_SANDBOX = YES;
				ENABLE_HARDENED_RUNTIME = YES;
				ENABLE_PREVIEWS = YES;
				ENABLE_USER_SELECTED_FILES = readonly;
				GENERATE_INFOPLIST_FILE = YES;
				INFOPLIST_FILE = CalorieCalc/Info.plist;
				INFOPLIST_KEY_CFBundleDisplayName = CalorieCalc;
				INFOPLIST_KEY_LSApplicationCategoryType = "public.app-category.lifestyle";
				INFOPLIST_KEY_NSCameraUsageDescription = "CalorieCalc uses the camera to scan product barcodes so you can quickly log packaged foods.";
				INFOPLIST_KEY_NSHealthShareUsageDescription = "CalorieCalc reads your active energy, workouts, and steps from Apple Health so the daily burn shows up in your weekly average and your exercise feeds the calorie math automatically.";
				INFOPLIST_KEY_NSHealthUpdateUsageDescription = "CalorieCalc requests this permission so a future update can write logged workouts and meals back to Apple Health, letting them appear in your Health timeline alongside data from other apps. CalorieCalc does not currently write to Health.";
				"INFOPLIST_KEY_UIApplicationSceneManifest_Generation[sdk=iphoneos*]" = YES;
				"INFOPLIST_KEY_UIApplicationSceneManifest_Generation[sdk=iphonesimulator*]" = YES;
				"INFOPLIST_KEY_UIApplicationSupportsIndirectInputEvents[sdk=iphoneos*]" = YES;
				"INFOPLIST_KEY_UIApplicationSupportsIndirectInputEvents[sdk=iphonesimulator*]" = YES;
				"INFOPLIST_KEY_UILaunchScreen_Generation[sdk=iphoneos*]" = YES;
				"INFOPLIST_KEY_UILaunchScreen_Generation[sdk=iphonesimulator*]" = YES;
				"INFOPLIST_KEY_UIStatusBarStyle[sdk=iphoneos*]" = UIStatusBarStyleDefault;
				"INFOPLIST_KEY_UIStatusBarStyle[sdk=iphonesimulator*]" = UIStatusBarStyleDefault;
				INFOPLIST_KEY_UISupportedInterfaceOrientations_iPad = "UIInterfaceOrientationPortrait UIInterfaceOrientationPortraitUpsideDown UIInterfaceOrientationLandscapeLeft UIInterfaceOrientationLandscapeRight";
				INFOPLIST_KEY_UISupportedInterfaceOrientations_iPhone = "UIInterfaceOrientationPortrait UIInterfaceOrientationLandscapeLeft UIInterfaceOrientationLandscapeRight";
				IPHONEOS_DEPLOYMENT_TARGET = 26.4;
				LD_RUNPATH_SEARCH_PATHS = "@executable_path/Frameworks";
				"LD_RUNPATH_SEARCH_PATHS[sdk=macosx*]" = "@executable_path/../Frameworks";
				MACOSX_DEPLOYMENT_TARGET = 26.4;
				MARKETING_VERSION = 1.0;
				PRODUCT_BUNDLE_IDENTIFIER = "com.lawlerinnovationsinc-calorie";
				PRODUCT_NAME = "$(TARGET_NAME)";
				REGISTER_APP_GROUPS = YES;
				SDKROOT = auto;
				STRING_CATALOG_GENERATE_SYMBOLS = YES;
				SUPPORTED_PLATFORMS = "iphoneos iphonesimulator";
				SUPPORTS_MACCATALYST = NO;
				SWIFT_APPROACHABLE_CONCURRENCY = YES;
				SWIFT_DEFAULT_ACTOR_ISOLATION = MainActor;
				SWIFT_EMIT_LOC_STRINGS = YES;
				SWIFT_UPCOMING_FEATURE_MEMBER_IMPORT_VISIBILITY = YES;
				SWIFT_VERSION = 6.0;
				TARGETED_DEVICE_FAMILY = 1;
				XROS_DEPLOYMENT_TARGET = 26.4;
			};
			name = Debug;
		};
		68C194462F92856E00E395C0 /* Release */ = {
			isa = XCBuildConfiguration;
			baseConfigurationReference = AA11223344556677889900AA /* Secrets.xcconfig */;
			buildSettings = {
				ASSETCATALOG_COMPILER_APPICON_NAME = AppIcon;
				ASSETCATALOG_COMPILER_GLOBAL_ACCENT_COLOR_NAME = AccentColor;
				ASSETCATALOG_COMPILER_INCLUDE_ALL_APPICON_ASSETS = YES;
				CODE_SIGN_ENTITLEMENTS = CalorieCalc/CalorieCalc.entitlements;
				CODE_SIGN_STYLE = Automatic;
				CURRENT_PROJECT_VERSION = 33;
				DEVELOPMENT_TEAM = X8629DMYVG;
				ENABLE_APP_SANDBOX = YES;
				ENABLE_HARDENED_RUNTIME = YES;
				ENABLE_PREVIEWS = YES;
				ENABLE_USER_SELECTED_FILES = readonly;
				GENERATE_INFOPLIST_FILE = YES;
				INFOPLIST_FILE = CalorieCalc/Info.plist;
				INFOPLIST_KEY_CFBundleDisplayName = CalorieCalc;
				INFOPLIST_KEY_LSApplicationCategoryType = "public.app-category.lifestyle";
				INFOPLIST_KEY_NSCameraUsageDescription = "CalorieCalc uses the camera to scan product barcodes so you can quickly log packaged foods.";
				INFOPLIST_KEY_NSHealthShareUsageDescription = "CalorieCalc reads your active energy, workouts, and steps from Apple Health so the daily burn shows up in your weekly average and your exercise feeds the calorie math automatically.";
				INFOPLIST_KEY_NSHealthUpdateUsageDescription = "CalorieCalc requests this permission so a future update can write logged workouts and meals back to Apple Health, letting them appear in your Health timeline alongside data from other apps. CalorieCalc does not currently write to Health.";
				"INFOPLIST_KEY_UIApplicationSceneManifest_Generation[sdk=iphoneos*]" = YES;
				"INFOPLIST_KEY_UIApplicationSceneManifest_Generation[sdk=iphonesimulator*]" = YES;
				"INFOPLIST_KEY_UIApplicationSupportsIndirectInputEvents[sdk=iphoneos*]" = YES;
				"INFOPLIST_KEY_UIApplicationSupportsIndirectInputEvents[sdk=iphonesimulator*]" = YES;
				"INFOPLIST_KEY_UILaunchScreen_Generation[sdk=iphoneos*]" = YES;
				"INFOPLIST_KEY_UILaunchScreen_Generation[sdk=iphonesimulator*]" = YES;
				"INFOPLIST_KEY_UIStatusBarStyle[sdk=iphoneos*]" = UIStatusBarStyleDefault;
				"INFOPLIST_KEY_UIStatusBarStyle[sdk=iphonesimulator*]" = UIStatusBarStyleDefault;
				INFOPLIST_KEY_UISupportedInterfaceOrientations_iPad = "UIInterfaceOrientationPortrait UIInterfaceOrientationPortraitUpsideDown UIInterfaceOrientationLandscapeLeft UIInterfaceOrientationLandscapeRight";
				INFOPLIST_KEY_UISupportedInterfaceOrientations_iPhone = "UIInterfaceOrientationPortrait UIInterfaceOrientationLandscapeLeft UIInterfaceOrientationLandscapeRight";
				IPHONEOS_DEPLOYMENT_TARGET = 26.4;
				LD_RUNPATH_SEARCH_PATHS = "@executable_path/Frameworks";
				"LD_RUNPATH_SEARCH_PATHS[sdk=macosx*]" = "@executable_path/../Frameworks";
				MACOSX_DEPLOYMENT_TARGET = 26.4;
				MARKETING_VERSION = 1.0;
				PRODUCT_BUNDLE_IDENTIFIER = "com.lawlerinnovationsinc-calorie";
				PRODUCT_NAME = "$(TARGET_NAME)";
				REGISTER_APP_GROUPS = YES;
				SDKROOT = auto;
				STRING_CATALOG_GENERATE_SYMBOLS = YES;
				SUPPORTED_PLATFORMS = "iphoneos iphonesimulator";
				SUPPORTS_MACCATALYST = NO;
				SWIFT_APPROACHABLE_CONCURRENCY = YES;
				SWIFT_DEFAULT_ACTOR_ISOLATION = MainActor;
				SWIFT_EMIT_LOC_STRINGS = YES;
				SWIFT_UPCOMING_FEATURE_MEMBER_IMPORT_VISIBILITY = YES;
				SWIFT_VERSION = 6.0;
				TARGETED_DEVICE_FAMILY = 1;
				XROS_DEPLOYMENT_TARGET = 26.4;
			};
			name = Release;
		};
		68C194472F92856E00E395C0 /* Debug */ = {
			isa = XCBuildConfiguration;
			buildSettings = {
				ALWAYS_SEARCH_USER_PATHS = NO;
				ASSETCATALOG_COMPILER_GENERATE_SWIFT_ASSET_SYMBOL_EXTENSIONS = YES;
				CLANG_ANALYZER_NONNULL = YES;
				CLANG_ANALYZER_NUMBER_OBJECT_CONVERSION = YES_AGGRESSIVE;
				CLANG_CXX_LANGUAGE_STANDARD = "gnu++20";
				CLANG_ENABLE_MODULES = YES;
				CLANG_ENABLE_OBJC_ARC = YES;
				CLANG_ENABLE_OBJC_WEAK = YES;
				CLANG_WARN_BLOCK_CAPTURE_AUTORELEASING = YES;
				CLANG_WARN_BOOL_CONVERSION = YES;
				CLANG_WARN_COMMA = YES;
				CLANG_WARN_CONSTANT_CONVERSION = YES;
				CLANG_WARN_DEPRECATED_OBJC_IMPLEMENTATIONS = YES;
				CLANG_WARN_DIRECT_OBJC_ISA_USAGE = YES_ERROR;
				CLANG_WARN_DOCUMENTATION_COMMENTS = YES;
				CLANG_WARN_EMPTY_BODY = YES;
				CLANG_WARN_ENUM_CONVERSION = YES;
				CLANG_WARN_INFINITE_RECURSION = YES;
				CLANG_WARN_INT_CONVERSION = YES;
				CLANG_WARN_NON_LITERAL_NULL_CONVERSION = YES;
				CLANG_WARN_OBJC_IMPLICIT_RETAIN_SELF = YES;
				CLANG_WARN_OBJC_LITERAL_CONVERSION = YES;
				CLANG_WARN_OBJC_ROOT_CLASS = YES_ERROR;
				CLANG_WARN_QUOTED_INCLUDE_IN_FRAMEWORK_HEADER = YES;
				CLANG_WARN_RANGE_LOOP_ANALYSIS = YES;
				CLANG_WARN_STRICT_PROTOTYPES = YES;
				CLANG_WARN_SUSPICIOUS_MOVE = YES;
				CLANG_WARN_UNGUARDED_AVAILABILITY = YES_AGGRESSIVE;
				CLANG_WARN_UNREACHABLE_CODE = YES;
				CLANG_WARN__DUPLICATE_METHOD_MATCH = YES;
				COPY_PHASE_STRIP = NO;
				DEBUG_INFORMATION_FORMAT = dwarf;
				DEVELOPMENT_TEAM = F35QH36L6L;
				ENABLE_STRICT_OBJC_MSGSEND = YES;
				ENABLE_TESTABILITY = YES;
				ENABLE_USER_SCRIPT_SANDBOXING = YES;
				GCC_C_LANGUAGE_STANDARD = gnu17;
				GCC_DYNAMIC_NO_PIC = NO;
				GCC_NO_COMMON_BLOCKS = YES;
				GCC_OPTIMIZATION_LEVEL = 0;
				GCC_PREPROCESSOR_DEFINITIONS = (
					"DEBUG=1",
					"$(inherited)",
				);
				GCC_WARN_64_TO_32_BIT_CONVERSION = YES;
				GCC_WARN_ABOUT_RETURN_TYPE = YES_ERROR;
				GCC_WARN_UNDECLARED_SELECTOR = YES;
				GCC_WARN_UNINITIALIZED_AUTOS = YES_AGGRESSIVE;
				GCC_WARN_UNUSED_FUNCTION = YES;
				GCC_WARN_UNUSED_VARIABLE = YES;
				LOCALIZATION_PREFERS_STRING_CATALOGS = YES;
				MTL_ENABLE_DEBUG_INFO = INCLUDE_SOURCE;
				MTL_FAST_MATH = YES;
				ONLY_ACTIVE_ARCH = YES;
				SWIFT_ACTIVE_COMPILATION_CONDITIONS = "DEBUG $(inherited)";
				SWIFT_OPTIMIZATION_LEVEL = "-Onone";
			};
			name = Debug;
		};
		68C194482F92856E00E395C0 /* Release */ = {
			isa = XCBuildConfiguration;
			buildSettings = {
				ALWAYS_SEARCH_USER_PATHS = NO;
				ASSETCATALOG_COMPILER_GENERATE_SWIFT_ASSET_SYMBOL_EXTENSIONS = YES;
				CLANG_ANALYZER_NONNULL = YES;
				CLANG_ANALYZER_NUMBER_OBJECT_CONVERSION = YES_AGGRESSIVE;
				CLANG_CXX_LANGUAGE_STANDARD = "gnu++20";
				CLANG_ENABLE_MODULES = YES;
				CLANG_ENABLE_OBJC_ARC = YES;
				CLANG_ENABLE_OBJC_WEAK = YES;
				CLANG_WARN_BLOCK_CAPTURE_AUTORELEASING = YES;
				CLANG_WARN_BOOL_CONVERSION = YES;
				CLANG_WARN_COMMA = YES;
				CLANG_WARN_CONSTANT_CONVERSION = YES;
				CLANG_WARN_DEPRECATED_OBJC_IMPLEMENTATIONS = YES;
				CLANG_WARN_DIRECT_OBJC_ISA_USAGE = YES_ERROR;
				CLANG_WARN_DOCUMENTATION_COMMENTS = YES;
				CLANG_WARN_EMPTY_BODY = YES;
				CLANG_WARN_ENUM_CONVERSION = YES;
				CLANG_WARN_INFINITE_RECURSION = YES;
				CLANG_WARN_INT_CONVERSION = YES;
				CLANG_WARN_NON_LITERAL_NULL_CONVERSION = YES;
				CLANG_WARN_OBJC_IMPLICIT_RETAIN_SELF = YES;
				CLANG_WARN_OBJC_LITERAL_CONVERSION = YES;
				CLANG_WARN_OBJC_ROOT_CLASS = YES_ERROR;
				CLANG_WARN_QUOTED_INCLUDE_IN_FRAMEWORK_HEADER = YES;
				CLANG_WARN_RANGE_LOOP_ANALYSIS = YES;
				CLANG_WARN_STRICT_PROTOTYPES = YES;
				CLANG_WARN_SUSPICIOUS_MOVE = YES;
				CLANG_WARN_UNGUARDED_AVAILABILITY = YES_AGGRESSIVE;
				CLANG_WARN_UNREACHABLE_CODE = YES;
				CLANG_WARN__DUPLICATE_METHOD_MATCH = YES;
				COPY_PHASE_STRIP = NO;
				DEBUG_INFORMATION_FORMAT = "dwarf-with-dsym";
				DEVELOPMENT_TEAM = F35QH36L6L;
				ENABLE_NS_ASSERTIONS = NO;
				ENABLE_STRICT_OBJC_MSGSEND = YES;
				ENABLE_USER_SCRIPT_SANDBOXING = YES;
				GCC_C_LANGUAGE_STANDARD = gnu17;
				GCC_NO_COMMON_BLOCKS = YES;
				GCC_WARN_64_TO_32_BIT_CONVERSION = YES;
				GCC_WARN_ABOUT_RETURN_TYPE = YES_ERROR;
				GCC_WARN_UNDECLARED_SELECTOR = YES;
				GCC_WARN_UNINITIALIZED_AUTOS = YES_AGGRESSIVE;
				GCC_WARN_UNUSED_FUNCTION = YES;
				GCC_WARN_UNUSED_VARIABLE = YES;
				LOCALIZATION_PREFERS_STRING_CATALOGS = YES;
				MTL_ENABLE_DEBUG_INFO = NO;
				MTL_FAST_MATH = YES;
				SWIFT_COMPILATION_MODE = wholemodule;
			};
			name = Release;
		};
		68C1944A2F92856E00E395C0 /* Debug */ = {
			isa = XCBuildConfiguration;
			buildSettings = {
				BUNDLE_LOADER = "$(TEST_HOST)";
				CODE_SIGN_STYLE = Automatic;
				CURRENT_PROJECT_VERSION = 33;
				DEVELOPMENT_TEAM = F35QH36L6L;
				GENERATE_INFOPLIST_FILE = YES;
				IPHONEOS_DEPLOYMENT_TARGET = 26.4;
				MACOSX_DEPLOYMENT_TARGET = 26.4;
				MARKETING_VERSION = 1.0;
				PRODUCT_BUNDLE_IDENTIFIER = "com.cirrusaircraft.calorie-calcTests";
				PRODUCT_NAME = "$(TARGET_NAME)";
				SDKROOT = auto;
				STRING_CATALOG_GENERATE_SYMBOLS = NO;
				SUPPORTED_PLATFORMS = "iphoneos iphonesimulator macosx xros xrsimulator";
				SWIFT_APPROACHABLE_CONCURRENCY = YES;
				SWIFT_EMIT_LOC_STRINGS = NO;
				SWIFT_UPCOMING_FEATURE_MEMBER_IMPORT_VISIBILITY = YES;
				SWIFT_VERSION = 6.0;
				TARGETED_DEVICE_FAMILY = "1,2,7";
				TEST_HOST = "$(BUILT_PRODUCTS_DIR)/CalorieCalc.app/$(BUNDLE_EXECUTABLE_FOLDER_PATH)/CalorieCalc";
				XROS_DEPLOYMENT_TARGET = 26.4;
			};
			name = Debug;
		};
		68C1944B2F92856E00E395C0 /* Release */ = {
			isa = XCBuildConfiguration;
			buildSettings = {
				BUNDLE_LOADER = "$(TEST_HOST)";
				CODE_SIGN_STYLE = Automatic;
				CURRENT_PROJECT_VERSION = 33;
				DEVELOPMENT_TEAM = F35QH36L6L;
				GENERATE_INFOPLIST_FILE = YES;
				IPHONEOS_DEPLOYMENT_TARGET = 26.4;
				MACOSX_DEPLOYMENT_TARGET = 26.4;
				MARKETING_VERSION = 1.0;
				PRODUCT_BUNDLE_IDENTIFIER = "com.cirrusaircraft.calorie-calcTests";
				PRODUCT_NAME = "$(TARGET_NAME)";
				SDKROOT = auto;
				STRING_CATALOG_GENERATE_SYMBOLS = NO;
				SUPPORTED_PLATFORMS = "iphoneos iphonesimulator macosx xros xrsimulator";
				SWIFT_APPROACHABLE_CONCURRENCY = YES;
				SWIFT_EMIT_LOC_STRINGS = NO;
				SWIFT_UPCOMING_FEATURE_MEMBER_IMPORT_VISIBILITY = YES;
				SWIFT_VERSION = 6.0;
				TARGETED_DEVICE_FAMILY = "1,2,7";
				TEST_HOST = "$(BUILT_PRODUCTS_DIR)/CalorieCalc.app/$(BUNDLE_EXECUTABLE_FOLDER_PATH)/CalorieCalc";
				XROS_DEPLOYMENT_TARGET = 26.4;
			};
			name = Release;
		};
		68C1944D2F92856E00E395C0 /* Debug */ = {
			isa = XCBuildConfiguration;
			buildSettings = {
				CODE_SIGN_STYLE = Automatic;
				CURRENT_PROJECT_VERSION = 33;
				DEVELOPMENT_TEAM = F35QH36L6L;
				GENERATE_INFOPLIST_FILE = YES;
				IPHONEOS_DEPLOYMENT_TARGET = 26.4;
				MACOSX_DEPLOYMENT_TARGET = 26.4;
				MARKETING_VERSION = 1.0;
				PRODUCT_BUNDLE_IDENTIFIER = "com.cirrusaircraft.calorie-calcUITests";
				PRODUCT_NAME = "$(TARGET_NAME)";
				SDKROOT = auto;
				STRING_CATALOG_GENERATE_SYMBOLS = NO;
				SUPPORTED_PLATFORMS = "iphoneos iphonesimulator macosx xros xrsimulator";
				SWIFT_APPROACHABLE_CONCURRENCY = YES;
				SWIFT_EMIT_LOC_STRINGS = NO;
				SWIFT_UPCOMING_FEATURE_MEMBER_IMPORT_VISIBILITY = YES;
				SWIFT_VERSION = 6.0;
				TARGETED_DEVICE_FAMILY = "1,2,7";
				TEST_TARGET_NAME = CalorieCalc;
				XROS_DEPLOYMENT_TARGET = 26.4;
			};
			name = Debug;
		};
		68C1944E2F92856E00E395C0 /* Release */ = {
			isa = XCBuildConfiguration;
			buildSettings = {
				CODE_SIGN_STYLE = Automatic;
				CURRENT_PROJECT_VERSION = 33;
				DEVELOPMENT_TEAM = F35QH36L6L;
				GENERATE_INFOPLIST_FILE = YES;
				IPHONEOS_DEPLOYMENT_TARGET = 26.4;
				MACOSX_DEPLOYMENT_TARGET = 26.4;
				MARKETING_VERSION = 1.0;
				PRODUCT_BUNDLE_IDENTIFIER = "com.cirrusaircraft.calorie-calcUITests";
				PRODUCT_NAME = "$(TARGET_NAME)";
				SDKROOT = auto;
				STRING_CATALOG_GENERATE_SYMBOLS = NO;
				SUPPORTED_PLATFORMS = "iphoneos iphonesimulator macosx xros xrsimulator";
				SWIFT_APPROACHABLE_CONCURRENCY = YES;
				SWIFT_EMIT_LOC_STRINGS = NO;
				SWIFT_UPCOMING_FEATURE_MEMBER_IMPORT_VISIBILITY = YES;
				SWIFT_VERSION = 6.0;
				TARGETED_DEVICE_FAMILY = "1,2,7";
				TEST_TARGET_NAME = CalorieCalc;
				XROS_DEPLOYMENT_TARGET = 26.4;
			};
			name = Release;
		};
/* End XCBuildConfiguration section */

/* Begin XCConfigurationList section */
		68C1941B2F92856D00E395C0 /* Build configuration list for PBXProject "CalorieCalc" */ = {
			isa = XCConfigurationList;
			buildConfigurations = (
				68C194472F92856E00E395C0 /* Debug */,
				68C194482F92856E00E395C0 /* Release */,
			);
			defaultConfigurationIsVisible = 0;
			defaultConfigurationName = Release;
		};
		68C194442F92856E00E395C0 /* Build configuration list for PBXNativeTarget "CalorieCalc" */ = {
			isa = XCConfigurationList;
			buildConfigurations = (
				68C194452F92856E00E395C0 /* Debug */,
				68C194462F92856E00E395C0 /* Release */,
			);
			defaultConfigurationIsVisible = 0;
			defaultConfigurationName = Release;
		};
		68C194492F92856E00E395C0 /* Build configuration list for PBXNativeTarget "CalorieCalcTests" */ = {
			isa = XCConfigurationList;
			buildConfigurations = (
				68C1944A2F92856E00E395C0 /* Debug */,
				68C1944B2F92856E00E395C0 /* Release */,
			);
			defaultConfigurationIsVisible = 0;
			defaultConfigurationName = Release;
		};
		68C1944C2F92856E00E395C0 /* Build configuration list for PBXNativeTarget "CalorieCalcUITests" */ = {
			isa = XCConfigurationList;
			buildConfigurations = (
				68C1944D2F92856E00E395C0 /* Debug */,
				68C1944E2F92856E00E395C0 /* Release */,
			);
			defaultConfigurationIsVisible = 0;
			defaultConfigurationName = Release;
		};
/* End XCConfigurationList section */

/* Begin XCRemoteSwiftPackageReference section */
		686389BB2FAEA0D90042E250 /* XCRemoteSwiftPackageReference "swift-package-manager-google-mobile-ads" */ = {
			isa = XCRemoteSwiftPackageReference;
			repositoryURL = "https://github.com/googleads/swift-package-manager-google-mobile-ads";
			requirement = {
				kind = upToNextMajorVersion;
				minimumVersion = 13.3.0;
			};
		};
/* End XCRemoteSwiftPackageReference section */

/* Begin XCSwiftPackageProductDependency section */
		686389BD2FAEA61B0042E250 /* GoogleMobileAds */ = {
			isa = XCSwiftPackageProductDependency;
			package = 686389BB2FAEA0D90042E250 /* XCRemoteSwiftPackageReference "swift-package-manager-google-mobile-ads" */;
			productName = GoogleMobileAds;
		};
/* End XCSwiftPackageProductDependency section */
	};
	rootObject = 68C194182F92856D00E395C0 /* Project object */;
}
